
Microsoft Visual Studio Solution File, Format Version 12.00
# Visual Studio Version 16
VisualStudioVersion = 16.0.29503.13
MinimumVisualStudioVersion = 10.0.40219.1
Project("{FAE04EC0-301F-11D3-BF4B-00C04F79EFBC}") = "webapi", "webapi\webapi.csproj", "{3B4BEB73-69C0-4CDC-9FB4-32B0297341CC}"
EndProject
Global
	GlobalSection(SolutionConfigurationPlatforms) = preSolution
		Debug|Any CPU = Debug|Any CPU
		Release|Any CPU = Release|Any CPU
	EndGlobalSection
	GlobalSection(ProjectConfigurationPlatforms) = postSolution
		{3B4BEB73-69C0-4CDC-9FB4-32B0297341CC}.Debug|Any CPU.ActiveCfg = Debug|Any CPU
		{3B4BEB73-69C0-4CDC-9FB4-32B0297341CC}.Debug|Any CPU.Build.0 = Debug|Any CPU
		{3B4BEB73-69C0-4CDC-9FB4-32B0297341CC}.Release|Any CPU.ActiveCfg = Release|Any CPU
		{3B4BEB73-69C0-4CDC-9FB4-32B0297341CC}.Release|Any CPU.Build.0 = Release|Any CPU
	EndGlobalSection
	GlobalSection(SolutionProperties) = preSolution
		HideSolutionNode = FALSE
	EndGlobalSection
	GlobalSection(ExtensibilityGlobals) = postSolution
		SolutionGuid = {E2189EF7-1616-4830-85A6-064E2FE8F46E}
	EndGlobalSection
EndGlobal
